
Microsoft Visual Studio Solution File, Format Version 12.00
Project("{FAE04EC0-301F-11D3-BF4B-00C04F79EFBC}") = "NuGetDefense", "NuGetDefense\NuGetDefense.csproj", "{13F67705-3383-4BAD-B2C5-30D643E3747E}"
EndProject
Project("{FAE04EC0-301F-11D3-BF4B-00C04F79EFBC}") = "NuGetDefenseTests", "NuGetDefenseTests\NuGetDefenseTests.csproj", "{A90E9955-EA17-4837-BA61-903D6C21914D}"
EndProject
Project("{9A19103F-16F7-4668-BE54-9A1E7A4F7556}") = "_build", "..\build\_build.csproj", "{FD8D19BA-3ADE-4CD0-AF7C-BD9A79F1A394}"
EndProject
Project("{FAE04EC0-301F-11D3-BF4B-00C04F79EFBC}") = "NuGetDefense.Lib", "NuGetDefense.Lib\NuGetDefense.Lib.csproj", "{89DF59DF-018D-4A1B-9CF7-24974C37DC73}"
EndProject
Global
	GlobalSection(SolutionConfigurationPlatforms) = preSolution
		Debug|Any CPU = Debug|Any CPU
		Release|Any CPU = Release|Any CPU
		DotNetTool|Any CPU = DotNetTool|Any CPU
	EndGlobalSection
	GlobalSection(ProjectConfigurationPlatforms) = postSolution
		{FD8D19BA-3ADE-4CD0-AF7C-BD9A79F1A394}.Debug|Any CPU.ActiveCfg = Debug|Any CPU
		{FD8D19BA-3ADE-4CD0-AF7C-BD9A79F1A394}.Release|Any CPU.ActiveCfg = Release|Any CPU
		{FD8D19BA-3ADE-4CD0-AF7C-BD9A79F1A394}.DotNetTool|Any CPU.ActiveCfg = DotNetTool|Any CPU
		{FD8D19BA-3ADE-4CD0-AF7C-BD9A79F1A394}.DotNetTool|Any CPU.Build.0 = DotNetTool|Any CPU
		{13F67705-3383-4BAD-B2C5-30D643E3747E}.Debug|Any CPU.ActiveCfg = Debug|Any CPU
		{13F67705-3383-4BAD-B2C5-30D643E3747E}.Debug|Any CPU.Build.0 = Debug|Any CPU
		{13F67705-3383-4BAD-B2C5-30D643E3747E}.Release|Any CPU.ActiveCfg = Release|Any CPU
		{13F67705-3383-4BAD-B2C5-30D643E3747E}.Release|Any CPU.Build.0 = Release|Any CPU
		{13F67705-3383-4BAD-B2C5-30D643E3747E}.DotNetTool|Any CPU.ActiveCfg = DotNetTool|Any CPU
		{13F67705-3383-4BAD-B2C5-30D643E3747E}.DotNetTool|Any CPU.Build.0 = DotNetTool|Any CPU
		{A90E9955-EA17-4837-BA61-903D6C21914D}.Debug|Any CPU.ActiveCfg = Debug|Any CPU
		{A90E9955-EA17-4837-BA61-903D6C21914D}.Debug|Any CPU.Build.0 = Debug|Any CPU
		{A90E9955-EA17-4837-BA61-903D6C21914D}.Release|Any CPU.ActiveCfg = Release|Any CPU
		{A90E9955-EA17-4837-BA61-903D6C21914D}.Release|Any CPU.Build.0 = Release|Any CPU
		{A90E9955-EA17-4837-BA61-903D6C21914D}.DotNetTool|Any CPU.ActiveCfg = DotNetTool|Any CPU
		{A90E9955-EA17-4837-BA61-903D6C21914D}.DotNetTool|Any CPU.Build.0 = DotNetTool|Any CPU
		{89DF59DF-018D-4A1B-9CF7-24974C37DC73}.Debug|Any CPU.ActiveCfg = Debug|Any CPU
		{89DF59DF-018D-4A1B-9CF7-24974C37DC73}.Debug|Any CPU.Build.0 = Debug|Any CPU
		{89DF59DF-018D-4A1B-9CF7-24974C37DC73}.Release|Any CPU.ActiveCfg = Release|Any CPU
		{89DF59DF-018D-4A1B-9CF7-24974C37DC73}.Release|Any CPU.Build.0 = Release|Any CPU
		{89DF59DF-018D-4A1B-9CF7-24974C37DC73}.DotNetTool|Any CPU.ActiveCfg = Debug|Any CPU
		{89DF59DF-018D-4A1B-9CF7-24974C37DC73}.DotNetTool|Any CPU.Build.0 = Debug|Any CPU
	EndGlobalSection
EndGlobal
