
Microsoft Visual Studio Solution File, Format Version 12.00
Project("{FAE04EC0-301F-11D3-BF4B-00C04F79EFBC}") = "NuGetDefense", "NuGetDefense\NuGetDefense.csproj", "{13F67705-3383-4BAD-B2C5-30D643E3747E}"
EndProject
Project("{FAE04EC0-301F-11D3-BF4B-00C04F79EFBC}") = "NuGetDefense.Core", "NuGetDefense.Core\NuGetDefense.Core.csproj", "{6D8BDE18-898B-42EC-8A13-A62CE49DA597}"
EndProject
Project("{FAE04EC0-301F-11D3-BF4B-00C04F79EFBC}") = "NuGetDefense.OSSIndex", "NuGetDefense.OSSIndex\NuGetDefense.OSSIndex.csproj", "{AC56CBA9-943D-4616-8805-63C8EC7F9162}"
EndProject
Global
	GlobalSection(SolutionConfigurationPlatforms) = preSolution
		Debug|Any CPU = Debug|Any CPU
		Release|Any CPU = Release|Any CPU
	EndGlobalSection
	GlobalSection(ProjectConfigurationPlatforms) = postSolution
		{13F67705-3383-4BAD-B2C5-30D643E3747E}.Debug|Any CPU.ActiveCfg = Debug|Any CPU
		{13F67705-3383-4BAD-B2C5-30D643E3747E}.Debug|Any CPU.Build.0 = Debug|Any CPU
		{13F67705-3383-4BAD-B2C5-30D643E3747E}.Release|Any CPU.ActiveCfg = Release|Any CPU
		{13F67705-3383-4BAD-B2C5-30D643E3747E}.Release|Any CPU.Build.0 = Release|Any CPU
		{6D8BDE18-898B-42EC-8A13-A62CE49DA597}.Debug|Any CPU.ActiveCfg = Debug|Any CPU
		{6D8BDE18-898B-42EC-8A13-A62CE49DA597}.Debug|Any CPU.Build.0 = Debug|Any CPU
		{6D8BDE18-898B-42EC-8A13-A62CE49DA597}.Release|Any CPU.ActiveCfg = Release|Any CPU
		{6D8BDE18-898B-42EC-8A13-A62CE49DA597}.Release|Any CPU.Build.0 = Release|Any CPU
		{AC56CBA9-943D-4616-8805-63C8EC7F9162}.Debug|Any CPU.ActiveCfg = Debug|Any CPU
		{AC56CBA9-943D-4616-8805-63C8EC7F9162}.Debug|Any CPU.Build.0 = Debug|Any CPU
		{AC56CBA9-943D-4616-8805-63C8EC7F9162}.Release|Any CPU.ActiveCfg = Release|Any CPU
		{AC56CBA9-943D-4616-8805-63C8EC7F9162}.Release|Any CPU.Build.0 = Release|Any CPU
	EndGlobalSection
EndGlobal
